#MicroXplorer Configuration settings - do not modify
Mcu.Family=STM32F4
ProjectManager.MainLocation=Core/Src
PA6.Mode=Full_Duplex_Master
SH.S_TIM4_CH2.ConfNb=1
USB_DEVICE.CLASS_NAME_FS=CDC
PH0-OSC_IN.Signal=RCC_OSC_IN
SPI2.VirtualNSS=VM_NSSHARD
USART2.IPParameters=VirtualMode
RCC.CortexFreq_Value=168000000
ProjectManager.KeepUserCode=true
Mcu.UserName=STM32F405RGTx
SPI1.VirtualType=VM_MASTER
SPI2.VirtualType=VM_MASTER
PB10.Mode=I2C
TIM1.IPParameters=Channel-PWM Generation1 CH1,Channel-PWM Generation3 CH3 CH3N
RCC.PLLCLKFreq_Value=168000000
PC12.Signal=UART5_TX
RCC.PLLQCLKFreq_Value=48000000
ProjectManager.functionlistsort=1-MX_GPIO_Init-GPIO-false-HAL-true,2-MX_DMA_Init-DMA-false-HAL-true,3-SystemClock_Config-RCC-false-HAL-false,4-MX_I2C2_Init-I2C2-false-HAL-true,5-MX_SPI1_Init-SPI1-false-HAL-true,6-MX_SPI2_Init-SPI2-false-HAL-true,7-MX_TIM1_Init-TIM1-false-HAL-true,8-MX_TIM4_Init-TIM4-false-HAL-true,9-MX_UART5_Init-UART5-false-HAL-true,10-MX_USART2_UART_Init-USART2-false-HAL-true,11-MX_USART6_UART_Init-USART6-false-HAL-true,12-MX_USB_DEVICE_Init-USB_DEVICE-false-HAL-false
Dma.UART5_RX.0.FIFOMode=DMA_FIFOMODE_DISABLE
PA11.Mode=Device_Only
RCC.RTCFreq_Value=32000
USB_DEVICE.VirtualMode-CDC_FS=Cdc
SH.S_TIM1_CH3.ConfNb=1
SH.S_TIM1_CH1.ConfNb=1
SH.S_TIM4_CH4.ConfNb=1
PB11.Signal=I2C2_SDA
PB13.Signal=SPI2_SCK
PB15.Signal=SPI2_MOSI
PinOutPanel.RotationAngle=0
RCC.SYSCLKSource=RCC_SYSCLKSOURCE_PLLCLK
ProjectManager.StackSize=0x400
Mcu.IP4=SPI1
RCC.FCLKCortexFreq_Value=168000000
Mcu.IP5=SPI2
Mcu.IP2=NVIC
NVIC.SVCall_IRQn=true\:0\:0\:false\:false\:true\:false\:false
Mcu.IP3=RCC
Mcu.IP0=DMA
Mcu.IP1=I2C2
PA12.Signal=USB_OTG_FS_DP
Mcu.UserConstants=
PA4.Mode=NSS_Signal_Hard_Output
Mcu.ThirdPartyNb=0
SPI1.Direction=SPI_DIRECTION_2LINES
RCC.HCLKFreq_Value=168000000
Mcu.IPNb=14
RCC.I2SClocksFreq_Value=96000000
ProjectManager.PreviousToolchain=
RCC.APB2TimFreq_Value=168000000
PB6.Signal=S_TIM4_CH1
RCC.VcooutputI2S=96000000
PC7.Signal=USART6_RX
Dma.UART5_RX.0.Priority=DMA_PRIORITY_HIGH
SPI1.CalculateBaudRate=42.0 MBits/s
Mcu.Pin6=PA5
Mcu.Pin7=PA6
Mcu.Pin8=PA7
Mcu.Pin9=PB1
RCC.AHBFreq_Value=168000000
SPI2.BaudRatePrescaler=SPI_BAUDRATEPRESCALER_2
PH0-OSC_IN.Mode=HSE-External-Oscillator
Mcu.Pin0=PC13-ANTI_TAMP
Mcu.Pin1=PH0-OSC_IN
GPIO.groupedBy=Group By Peripherals
Mcu.Pin2=PH1-OSC_OUT
Mcu.Pin3=PA2
Mcu.Pin4=PA3
Mcu.Pin5=PA4
ProjectManager.ProjectBuild=false
RCC.HSE_VALUE=24000000
TIM4.Channel-PWM\ Generation3\ CH3=TIM_CHANNEL_3
NVIC.UsageFault_IRQn=true\:0\:0\:false\:false\:true\:false\:false
NVIC.DebugMonitor_IRQn=true\:0\:0\:false\:false\:true\:false\:false
PB2.Signal=GPIO_Input
PA8.Locked=true
PA4.Locked=true
Mcu.IP10=USART2
PC13-ANTI_TAMP.Signal=GPIO_Input
NVIC.SysTick_IRQn=true\:0\:0\:false\:false\:true\:false\:true
Mcu.IP12=USB_DEVICE
Mcu.IP11=USART6
ProjectManager.FirmwarePackage=STM32Cube FW_F4 V1.25.0
MxDb.Version=DB.6.0.10
Mcu.IP13=USB_OTG_FS
ProjectManager.BackupPrevious=false
RCC.VCOInputFreq_Value=1000000
TIM1.Channel-PWM\ Generation1\ CH1=TIM_CHANNEL_1
PA14.Mode=Serial_Wire
PB14.Mode=Full_Duplex_Master
Dma.UART5_RX.0.MemDataAlignment=DMA_MDATAALIGN_BYTE
File.Version=6
SPI2.CalculateBaudRate=21.0 MBits/s
SH.S_TIM4_CH2.0=TIM4_CH2,PWM Generation2 CH2
PB7.Signal=S_TIM4_CH2
PB8.Locked=true
PA8.Signal=S_TIM1_CH1
SPI1.VirtualNSS=VM_NSSHARD
PB6.Locked=true
NVIC.PendSV_IRQn=true\:0\:0\:false\:false\:true\:false\:false
Dma.RequestsNb=1
ProjectManager.HalAssertFull=true
ProjectManager.ProjectName=007_405RG_Test
PH1-OSC_OUT.Mode=HSE-External-Oscillator
RCC.MCO2PinFreq_Value=168000000
Mcu.Package=LQFP64
PB9.Signal=S_TIM4_CH4
PA6.Signal=SPI1_MISO
PB1.Signal=TIM1_CH3N
PB12.Mode=NSS_Signal_Hard_Output
SPI2.Mode=SPI_MODE_MASTER
USART2.VirtualMode=VM_ASYNC
USART6.VirtualMode=VM_ASYNC
NVIC.OTG_FS_IRQn=true\:0\:0\:false\:false\:true\:false\:true
ProjectManager.ToolChainLocation=
RCC.LSI_VALUE=32000
VP_SYS_VS_Systick.Signal=SYS_VS_Systick
PA10.Signal=S_TIM1_CH3
USB_OTG_FS.VirtualMode=Device_Only
UART5.IPParameters=VirtualMode
USART6.BaudRate=38400
VP_USB_DEVICE_VS_USB_DEVICE_CDC_FS.Signal=USB_DEVICE_VS_USB_DEVICE_CDC_FS
RCC.APB2CLKDivider=RCC_HCLK_DIV2
SH.S_TIM4_CH1.0=TIM4_CH1,PWM Generation1 CH1
RCC.APB1TimFreq_Value=84000000
NVIC.BusFault_IRQn=true\:0\:0\:false\:false\:true\:false\:false
NVIC.DMA1_Stream0_IRQn=true\:0\:0\:false\:false\:true\:false\:true
SPI2.Direction=SPI_DIRECTION_2LINES
USB_OTG_FS.IPParameters=VirtualMode
PB13.Mode=Full_Duplex_Master
TIM4.Channel-PWM\ Generation4\ CH4=TIM_CHANNEL_4
Dma.Request0=UART5_RX
SPI1.BaudRatePrescaler=SPI_BAUDRATEPRESCALER_2
ProjectManager.CustomerFirmwarePackage=
PB15.Locked=true
PA3.Signal=USART2_RX
PA5.Mode=Full_Duplex_Master
TIM4.Channel-PWM\ Generation1\ CH1=TIM_CHANNEL_1
SH.S_TIM4_CH1.ConfNb=1
Dma.UART5_RX.0.MemInc=DMA_MINC_ENABLE
ProjectManager.ProjectFileName=007_405RG_Test.ioc
Dma.UART5_RX.0.Direction=DMA_PERIPH_TO_MEMORY
PA7.Mode=Full_Duplex_Master
Mcu.PinsNb=34
ProjectManager.NoMain=false
SPI1.IPParameters=VirtualType,Mode,Direction,CalculateBaudRate,VirtualNSS,BaudRatePrescaler
USB_DEVICE.VirtualModeFS=Cdc_FS
USART6.IPParameters=VirtualMode,BaudRate
SH.S_TIM4_CH4.0=TIM4_CH4,PWM Generation4 CH4
PC6.Signal=USART6_TX
ProjectManager.DefaultFWLocation=true
PB12.Locked=true
ProjectManager.DeletePrevious=true
UART5.VirtualMode=Asynchronous
PB14.Locked=true
RCC.APB1CLKDivider=RCC_HCLK_DIV4
USB_DEVICE.IPParameters=VirtualMode-CDC_FS,VirtualModeFS,CLASS_NAME_FS
RCC.FamilyName=M
Dma.UART5_RX.0.RequestParameters=Instance,Direction,PeriphInc,MemInc,PeriphDataAlignment,MemDataAlignment,Mode,Priority,FIFOMode
PA13.Signal=SYS_JTMS-SWDIO
PA3.Mode=Asynchronous
PA9.Mode=Activate_VBUS
SH.S_TIM1_CH1.0=TIM1_CH1,PWM Generation1 CH1
PB11.Mode=I2C
ProjectManager.TargetToolchain=STM32CubeIDE
TIM4.IPParameters=Channel-PWM Generation1 CH1,Channel-PWM Generation2 CH2,Channel-PWM Generation3 CH3,Channel-PWM Generation4 CH4
PC6.Mode=Asynchronous
SH.S_TIM4_CH3.0=TIM4_CH3,PWM Generation3 CH3
VP_USB_DEVICE_VS_USB_DEVICE_CDC_FS.Mode=CDC_FS
PA9.Signal=USB_OTG_FS_VBUS
PB9.Locked=true
SPI2.IPParameters=VirtualType,Mode,Direction,CalculateBaudRate,VirtualNSS,BaudRatePrescaler
TIM1.Channel-PWM\ Generation3\ CH3\ CH3N=TIM_CHANNEL_3
ProjectManager.RegisterCallBack=
RCC.LSE_VALUE=32768
PB1.Locked=true
PB10.Signal=I2C2_SCL
SH.S_TIM4_CH3.ConfNb=1
RCC.VCOI2SOutputFreq_Value=192000000
PB14.Signal=SPI2_MISO
PD2.Mode=Asynchronous
PA5.Signal=SPI1_SCK
Dma.UART5_RX.0.Mode=DMA_CIRCULAR
PC12.Mode=Asynchronous
board=custom
RCC.VCOOutputFreq_Value=336000000
PC13-ANTI_TAMP.Locked=true
ProjectManager.LastFirmware=true
PB15.Mode=Full_Duplex_Master
TIM4.Channel-PWM\ Generation2\ CH2=TIM_CHANNEL_2
RCC.APB2Freq_Value=84000000
MxCube.Version=6.1.0
SPI1.Mode=SPI_MODE_MASTER
Mcu.Pin30=PB8
VP_SYS_VS_Systick.Mode=SysTick
RCC.EthernetFreq_Value=168000000
Mcu.Pin33=VP_USB_DEVICE_VS_USB_DEVICE_CDC_FS
PH1-OSC_OUT.Signal=RCC_OSC_OUT
Mcu.Pin31=PB9
Mcu.Pin32=VP_SYS_VS_Systick
NVIC.NonMaskableInt_IRQn=true\:0\:0\:false\:false\:true\:false\:false
PA13.Mode=Serial_Wire
ProjectManager.FreePins=true
Dma.UART5_RX.0.PeriphDataAlignment=DMA_PDATAALIGN_BYTE
RCC.IPParameters=48MHZClocksFreq_Value,AHBFreq_Value,APB1CLKDivider,APB1Freq_Value,APB1TimFreq_Value,APB2CLKDivider,APB2Freq_Value,APB2TimFreq_Value,CortexFreq_Value,EthernetFreq_Value,FCLKCortexFreq_Value,FamilyName,HCLKFreq_Value,HSE_VALUE,HSI_VALUE,I2SClocksFreq_Value,LSE_VALUE,LSI_VALUE,MCO2PinFreq_Value,PLLCLKFreq_Value,PLLM,PLLN,PLLQ,PLLQCLKFreq_Value,RTCFreq_Value,RTCHSEDivFreq_Value,SYSCLKFreq_VALUE,SYSCLKSource,VCOI2SOutputFreq_Value,VCOInputFreq_Value,VCOOutputFreq_Value,VcooutputI2S
ProjectManager.AskForMigrate=true
Mcu.Name=STM32F405RGTx
Mcu.Pin26=PC12
Mcu.Pin27=PD2
RCC.RTCHSEDivFreq_Value=12000000
PA2.Signal=USART2_TX
Mcu.Pin24=PA13
ProjectManager.UnderRoot=true
Mcu.Pin25=PA14
PB2.Locked=true
Mcu.IP8=TIM4
Mcu.IP9=UART5
Mcu.Pin28=PB6
Mcu.IP6=SYS
Mcu.Pin29=PB7
Mcu.IP7=TIM1
ProjectManager.CoupleFile=true
RCC.48MHZClocksFreq_Value=48000000
PA4.Signal=SPI1_NSS
RCC.SYSCLKFreq_VALUE=168000000
Mcu.Pin22=PA11
Mcu.Pin23=PA12
Mcu.Pin20=PA9
Mcu.Pin21=PA10
PA12.Mode=Device_Only
PA10.Locked=true
NVIC.ForceEnableDMAVector=true
KeepUserPlacement=false
NVIC.MemoryManagement_IRQn=true\:0\:0\:false\:false\:true\:false\:false
ProjectManager.CompilerOptimize=6
Dma.UART5_RX.0.Instance=DMA1_Stream0
PA11.Signal=USB_OTG_FS_DM
PA14.Signal=SYS_JTCK-SWCLK
ProjectManager.HeapSize=0x200
Mcu.Pin15=PB14
NVIC.HardFault_IRQn=true\:0\:0\:false\:false\:true\:false\:false
PB1.Mode=PWM Generation3 CH3 CH3N
Mcu.Pin16=PB15
Mcu.Pin13=PB12
Mcu.Pin14=PB13
SH.S_TIM1_CH3.0=TIM1_CH3,PWM Generation3 CH3 CH3N
Mcu.Pin19=PA8
ProjectManager.ComputerToolchain=false
Mcu.Pin17=PC6
RCC.HSI_VALUE=16000000
Mcu.Pin18=PC7
RCC.PLLQ=7
NVIC.PriorityGroup=NVIC_PRIORITYGROUP_4
Mcu.Pin11=PB10
Mcu.Pin12=PB11
RCC.PLLM=24
RCC.PLLN=336
Mcu.Pin10=PB2
PB7.Locked=true
PA2.Mode=Asynchronous
PB8.Signal=S_TIM4_CH3
Dma.UART5_RX.0.PeriphInc=DMA_PINC_DISABLE
PC7.Mode=Asynchronous
PD2.Signal=UART5_RX
RCC.APB1Freq_Value=42000000
ProjectManager.DeviceId=STM32F405RGTx
PB12.Signal=SPI2_NSS
ProjectManager.LibraryCopy=1
PA7.Signal=SPI1_MOSI
